
Microsoft Visual Studio Solution File, Format Version 12.00
# Visual Studio Version 17
VisualStudioVersion = 17.0.31903.59
MinimumVisualStudioVersion = 10.0.40219.1
Project("{2150E333-8FDC-42A3-9474-1A3956D46DE8}") = "src", "src", "{A2210B1E-3664-40A3-82A2-FB32789FA2CF}"
EndProject
Project("{FAE04EC0-301F-11D3-BF4B-00C04F79EFBC}") = "AuctionService", "src\AuctionService\AuctionService.csproj", "{69C6C351-741C-4C89-BA6E-E3CF6E558FE6}"
EndProject
Global
	GlobalSection(SolutionConfigurationPlatforms) = preSolution
		Debug|Any CPU = Debug|Any CPU
		Release|Any CPU = Release|Any CPU
	EndGlobalSection
	GlobalSection(SolutionProperties) = preSolution
		HideSolutionNode = FALSE
	EndGlobalSection
	GlobalSection(ProjectConfigurationPlatforms) = postSolution
		{69C6C351-741C-4C89-BA6E-E3CF6E558FE6}.Debug|Any CPU.ActiveCfg = Debug|Any CPU
		{69C6C351-741C-4C89-BA6E-E3CF6E558FE6}.Debug|Any CPU.Build.0 = Debug|Any CPU
		{69C6C351-741C-4C89-BA6E-E3CF6E558FE6}.Release|Any CPU.ActiveCfg = Release|Any CPU
		{69C6C351-741C-4C89-BA6E-E3CF6E558FE6}.Release|Any CPU.Build.0 = Release|Any CPU
	EndGlobalSection
	GlobalSection(NestedProjects) = preSolution
		{69C6C351-741C-4C89-BA6E-E3CF6E558FE6} = {A2210B1E-3664-40A3-82A2-FB32789FA2CF}
	EndGlobalSection
EndGlobal
